
Microsoft Visual Studio Solution File, Format Version 12.00
# Visual Studio Version 17
VisualStudioVersion = 17.2.32630.192
MinimumVisualStudioVersion = 10.0.40219.1
Project("{FAE04EC0-301F-11D3-BF4B-00C04F79EFBC}") = "Ex_2022_Template", "Ex_2022_Template.csproj", "{8E0A06F8-61D7-4E65-AC85-2D116D4B710E}"
EndProject
Global
	GlobalSection(SolutionConfigurationPlatforms) = preSolution
		Debug|Any CPU = Debug|Any CPU
		Release|Any CPU = Release|Any CPU
	EndGlobalSection
	GlobalSection(ProjectConfigurationPlatforms) = postSolution
		{8E0A06F8-61D7-4E65-AC85-2D116D4B710E}.Debug|Any CPU.ActiveCfg = Debug|Any CPU
		{8E0A06F8-61D7-4E65-AC85-2D116D4B710E}.Debug|Any CPU.Build.0 = Debug|Any CPU
		{8E0A06F8-61D7-4E65-AC85-2D116D4B710E}.Release|Any CPU.ActiveCfg = Release|Any CPU
		{8E0A06F8-61D7-4E65-AC85-2D116D4B710E}.Release|Any CPU.Build.0 = Release|Any CPU
	EndGlobalSection
	GlobalSection(SolutionProperties) = preSolution
		HideSolutionNode = FALSE
	EndGlobalSection
	GlobalSection(ExtensibilityGlobals) = postSolution
		SolutionGuid = {0D86BD3C-CF36-4FB7-BE91-EC1C9B7D4735}
	EndGlobalSection
EndGlobal
